// !$*UTF8*$!
{
	archiveVersion = 1;
	classes = {
	};
	objectVersion = 50;
	objects = {

/* Begin PBXBuildFile section */
		F20D1E2626B379310061B883 /* MovieCell.swift in Sources */ = {isa = PBXBuildFile; fileRef = F20D1E2526B379310061B883 /* MovieCell.swift */; };
		F20D1E3126B384160061B883 /* rain.jpeg in Resources */ = {isa = PBXBuildFile; fileRef = F20D1E2E26B384160061B883 /* rain.jpeg */; };
		F20D1E3226B384160061B883 /* secret.gif in Resources */ = {isa = PBXBuildFile; fileRef = F20D1E2F26B384160061B883 /* secret.gif */; };
		F20D1E3326B384160061B883 /* darkknight.jpeg in Resources */ = {isa = PBXBuildFile; fileRef = F20D1E3026B384160061B883 /* darkknight.jpeg */; };
		F271127C26B2325D00A84D59 /* AppDelegate.swift in Sources */ = {isa = PBXBuildFile; fileRef = F271127B26B2325D00A84D59 /* AppDelegate.swift */; };
		F271127E26B2325D00A84D59 /* SceneDelegate.swift in Sources */ = {isa = PBXBuildFile; fileRef = F271127D26B2325D00A84D59 /* SceneDelegate.swift */; };
		F271128026B2325D00A84D59 /* ViewController.swift in Sources */ = {isa = PBXBuildFile; fileRef = F271127F26B2325D00A84D59 /* ViewController.swift */; };
		F271128326B2325D00A84D59 /* Main.storyboard in Resources */ = {isa = PBXBuildFile; fileRef = F271128126B2325D00A84D59 /* Main.storyboard */; };
		F271128526B2325F00A84D59 /* Assets.xcassets in Resources */ = {isa = PBXBuildFile; fileRef = F271128426B2325F00A84D59 /* Assets.xcassets */; };
		F271128826B2325F00A84D59 /* LaunchScreen.storyboard in Resources */ = {isa = PBXBuildFile; fileRef = F271128626B2325F00A84D59 /* LaunchScreen.storyboard */; };
		F271129126B233B900A84D59 /* ListViewController.swift in Sources */ = {isa = PBXBuildFile; fileRef = F271129026B233B900A84D59 /* ListViewController.swift */; };
		F271129426B238C100A84D59 /* MovieVO.swift in Sources */ = {isa = PBXBuildFile; fileRef = F271129326B238C100A84D59 /* MovieVO.swift */; };
/* End PBXBuildFile section */

/* Begin PBXFileReference section */
		F20D1E2526B379310061B883 /* MovieCell.swift */ = {isa = PBXFileReference; lastKnownFileType = sourcecode.swift; path = MovieCell.swift; sourceTree = "<group>"; };
		F20D1E2E26B384160061B883 /* rain.jpeg */ = {isa = PBXFileReference; lastKnownFileType = image.jpeg; path = rain.jpeg; sourceTree = "<group>"; };
		F20D1E2F26B384160061B883 /* secret.gif */ = {isa = PBXFileReference; lastKnownFileType = image.gif; path = secret.gif; sourceTree = "<group>"; };
		F20D1E3026B384160061B883 /* darkknight.jpeg */ = {isa = PBXFileReference; lastKnownFileType = image.jpeg; path = darkknight.jpeg; sourceTree = "<group>"; };
		F271127826B2325D00A84D59 /* MyMovieChart.app */ = {isa = PBXFileReference; explicitFileType = wrapper.application; includeInIndex = 0; path = MyMovieChart.app; sourceTree = BUILT_PRODUCTS_DIR; };
		F271127B26B2325D00A84D59 /* AppDelegate.swift */ = {isa = PBXFileReference; lastKnownFileType = sourcecode.swift; path = AppDelegate.swift; sourceTree = "<group>"; };
		F271127D26B2325D00A84D59 /* SceneDelegate.swift */ = {isa = PBXFileReference; lastKnownFileType = sourcecode.swift; path = SceneDelegate.swift; sourceTree = "<group>"; };
		F271127F26B2325D00A84D59 /* ViewController.swift */ = {isa = PBXFileReference; lastKnownFileType = sourcecode.swift; path = ViewController.swift; sourceTree = "<group>"; };
		F271128226B2325D00A84D59 /* Base */ = {isa = PBXFileReference; lastKnownFileType = file.storyboard; name = Base; path = Base.lproj/Main.storyboard; sourceTree = "<group>"; };
		F271128426B2325F00A84D59 /* Assets.xcassets */ = {isa = PBXFileReference; lastKnownFileType = folder.assetcatalog; path = Assets.xcassets; sourceTree = "<group>"; };
		F271128726B2325F00A84D59 /* Base */ = {isa = PBXFileReference; lastKnownFileType = file.storyboard; name = Base; path = Base.lproj/LaunchScreen.storyboard; sourceTree = "<group>"; };
		F271128926B2325F00A84D59 /* Info.plist */ = {isa = PBXFileReference; lastKnownFileType = text.plist.xml; path = Info.plist; sourceTree = "<group>"; };
		F271129026B233B900A84D59 /* ListViewController.swift */ = {isa = PBXFileReference; lastKnownFileType = sourcecode.swift; path = ListViewController.swift; sourceTree = "<group>"; };
		F271129326B238C100A84D59 /* MovieVO.swift */ = {isa = PBXFileReference; lastKnownFileType = sourcecode.swift; path = MovieVO.swift; sourceTree = "<group>"; };
/* End PBXFileReference section */

/* Begin PBXFrameworksBuildPhase section */
		F271127526B2325D00A84D59 /* Frameworks */ = {
			isa = PBXFrameworksBuildPhase;
			buildActionMask = 2147483647;
			files = (
			);
			runOnlyForDeploymentPostprocessing = 0;
		};
/* End PBXFrameworksBuildPhase section */

/* Begin PBXGroup section */
		F20D1E2D26B383FD0061B883 /* Resources */ = {
			isa = PBXGroup;
			children = (
				F20D1E3026B384160061B883 /* darkknight.jpeg */,
				F20D1E2E26B384160061B883 /* rain.jpeg */,
				F20D1E2F26B384160061B883 /* secret.gif */,
			);
			path = Resources;
			sourceTree = "<group>";
		};
		F271126F26B2325D00A84D59 = {
			isa = PBXGroup;
			children = (
				F271127A26B2325D00A84D59 /* MyMovieChart */,
				F271127926B2325D00A84D59 /* Products */,
			);
			sourceTree = "<group>";
		};
		F271127926B2325D00A84D59 /* Products */ = {
			isa = PBXGroup;
			children = (
				F271127826B2325D00A84D59 /* MyMovieChart.app */,
			);
			name = Products;
			sourceTree = "<group>";
		};
		F271127A26B2325D00A84D59 /* MyMovieChart */ = {
			isa = PBXGroup;
			children = (
				F20D1E2D26B383FD0061B883 /* Resources */,
				F271127B26B2325D00A84D59 /* AppDelegate.swift */,
				F271127D26B2325D00A84D59 /* SceneDelegate.swift */,
				F271127F26B2325D00A84D59 /* ViewController.swift */,
				F271128126B2325D00A84D59 /* Main.storyboard */,
				F20D1E2526B379310061B883 /* MovieCell.swift */,
				F271129326B238C100A84D59 /* MovieVO.swift */,
				F271129026B233B900A84D59 /* ListViewController.swift */,
				F271128426B2325F00A84D59 /* Assets.xcassets */,
				F271128626B2325F00A84D59 /* LaunchScreen.storyboard */,
				F271128926B2325F00A84D59 /* Info.plist */,
			);
			path = MyMovieChart;
			sourceTree = "<group>";
		};
/* End PBXGroup section */

/* Begin PBXNativeTarget section */
		F271127726B2325D00A84D59 /* MyMovieChart */ = {
			isa = PBXNativeTarget;
			buildConfigurationList = F271128C26B2325F00A84D59 /* Build configuration list for PBXNativeTarget "MyMovieChart" */;
			buildPhases = (
				F271127426B2325D00A84D59 /* Sources */,
				F271127526B2325D00A84D59 /* Frameworks */,
				F271127626B2325D00A84D59 /* Resources */,
			);
			buildRules = (
			);
			dependencies = (
			);
			name = MyMovieChart;
			productName = MyMovieChart;
			productReference = F271127826B2325D00A84D59 /* MyMovieChart.app */;
			productType = "com.apple.product-type.application";
		};
/* End PBXNativeTarget section */

/* Begin PBXProject section */
		F271127026B2325D00A84D59 /* Project object */ = {
			isa = PBXProject;
			attributes = {
				LastSwiftUpdateCheck = 1240;
				LastUpgradeCheck = 1240;
				TargetAttributes = {
					F271127726B2325D00A84D59 = {
						CreatedOnToolsVersion = 12.4;
					};
				};
			};
			buildConfigurationList = F271127326B2325D00A84D59 /* Build configuration list for PBXProject "MyMovieChart" */;
			compatibilityVersion = "Xcode 9.3";
			developmentRegion = en;
			hasScannedForEncodings = 0;
			knownRegions = (
				en,
				Base,
			);
			mainGroup = F271126F26B2325D00A84D59;
			productRefGroup = F271127926B2325D00A84D59 /* Products */;
			projectDirPath = "";
			projectRoot = "";
			targets = (
				F271127726B2325D00A84D59 /* MyMovieChart */,
			);
		};
/* End PBXProject section */

/* Begin PBXResourcesBuildPhase section */
		F271127626B2325D00A84D59 /* Resources */ = {
			isa = PBXResourcesBuildPhase;
			buildActionMask = 2147483647;
			files = (
				F271128826B2325F00A84D59 /* LaunchScreen.storyboard in Resources */,
				F271128526B2325F00A84D59 /* Assets.xcassets in Resources */,
				F271128326B2325D00A84D59 /* Main.storyboard in Resources */,
				F20D1E3126B384160061B883 /* rain.jpeg in Resources */,
				F20D1E3326B384160061B883 /* darkknight.jpeg in Resources */,
				F20D1E3226B384160061B883 /* secret.gif in Resources */,
			);
			runOnlyForDeploymentPostprocessing = 0;
		};
/* End PBXResourcesBuildPhase section */

/* Begin PBXSourcesBuildPhase section */
		F271127426B2325D00A84D59 /* Sources */ = {
			isa = PBXSourcesBuildPhase;
			buildActionMask = 2147483647;
			files = (
				F271128026B2325D00A84D59 /* ViewController.swift in Sources */,
				F271127C26B2325D00A84D59 /* AppDelegate.swift in Sources */,
				F20D1E2626B379310061B883 /* MovieCell.swift in Sources */,
				F271129126B233B900A84D59 /* ListViewController.swift in Sources */,
				F271127E26B2325D00A84D59 /* SceneDelegate.swift in Sources */,
				F271129426B238C100A84D59 /* MovieVO.swift in Sources */,
			);
			runOnlyForDeploymentPostprocessing = 0;
		};
/* End PBXSourcesBuildPhase section */

/* Begin PBXVariantGroup section */
		F271128126B2325D00A84D59 /* Main.storyboard */ = {
			isa = PBXVariantGroup;
			children = (
				F271128226B2325D00A84D59 /* Base */,
			);
			name = Main.storyboard;
			sourceTree = "<group>";
		};
		F271128626B2325F00A84D59 /* LaunchScreen.storyboard */ = {
			isa = PBXVariantGroup;
			children = (
				F271128726B2325F00A84D59 /* Base */,
			);
			name = LaunchScreen.storyboard;
			sourceTree = "<group>";
		};
/* End PBXVariantGroup section */

/* Begin XCBuildConfiguration section */
		F271128A26B2325F00A84D59 /* Debug */ = {
			isa = XCBuildConfiguration;
			buildSettings = {
				ALWAYS_SEARCH_USER_PATHS = NO;
				CLANG_ANALYZER_NONNULL = YES;
				CLANG_ANALYZER_NUMBER_OBJECT_CONVERSION = YES_AGGRESSIVE;
				CLANG_CXX_LANGUAGE_STANDARD = "gnu++14";
				CLANG_CXX_LIBRARY = "libc++";
				CLANG_ENABLE_MODULES = YES;
				CLANG_ENABLE_OBJC_ARC = YES;
				CLANG_ENABLE_OBJC_WEAK = YES;
				CLANG_WARN_BLOCK_CAPTURE_AUTORELEASING = YES;
				CLANG_WARN_BOOL_CONVERSION = YES;
				CLANG_WARN_COMMA = YES;
				CLANG_WARN_CONSTANT_CONVERSION = YES;
				CLANG_WARN_DEPRECATED_OBJC_IMPLEMENTATIONS = YES;
				CLANG_WARN_DIRECT_OBJC_ISA_USAGE = YES_ERROR;
				CLANG_WARN_DOCUMENTATION_COMMENTS = YES;
				CLANG_WARN_EMPTY_BODY = YES;
				CLANG_WARN_ENUM_CONVERSION = YES;
				CLANG_WARN_INFINITE_RECURSION = YES;
				CLANG_WARN_INT_CONVERSION = YES;
				CLANG_WARN_NON_LITERAL_NULL_CONVERSION = YES;
				CLANG_WARN_OBJC_IMPLICIT_RETAIN_SELF = YES;
				CLANG_WARN_OBJC_LITERAL_CONVERSION = YES;
				CLANG_WARN_OBJC_ROOT_CLASS = YES_ERROR;
				CLANG_WARN_QUOTED_INCLUDE_IN_FRAMEWORK_HEADER = YES;
				CLANG_WARN_RANGE_LOOP_ANALYSIS = YES;
				CLANG_WARN_STRICT_PROTOTYPES = YES;
				CLANG_WARN_SUSPICIOUS_MOVE = YES;
				CLANG_WARN_UNGUARDED_AVAILABILITY = YES_AGGRESSIVE;
				CLANG_WARN_UNREACHABLE_CODE = YES;
				CLANG_WARN__DUPLICATE_METHOD_MATCH = YES;
				COPY_PHASE_STRIP = NO;
				DEBUG_INFORMATION_FORMAT = dwarf;
				ENABLE_STRICT_OBJC_MSGSEND = YES;
				ENABLE_TESTABILITY = YES;
				GCC_C_LANGUAGE_STANDARD = gnu11;
				GCC_DYNAMIC_NO_PIC = NO;
				GCC_NO_COMMON_BLOCKS = YES;
				GCC_OPTIMIZATION_LEVEL = 0;
				GCC_PREPROCESSOR_DEFINITIONS = (
					"DEBUG=1",
					"$(inherited)",
				);
				GCC_WARN_64_TO_32_BIT_CONVERSION = YES;
				GCC_WARN_ABOUT_RETURN_TYPE = YES_ERROR;
				GCC_WARN_UNDECLARED_SELECTOR = YES;
				GCC_WARN_UNINITIALIZED_AUTOS = YES_AGGRESSIVE;
				GCC_WARN_UNUSED_FUNCTION = YES;
				GCC_WARN_UNUSED_VARIABLE = YES;
				IPHONEOS_DEPLOYMENT_TARGET = 14.4;
				MTL_ENABLE_DEBUG_INFO = INCLUDE_SOURCE;
				MTL_FAST_MATH = YES;
				ONLY_ACTIVE_ARCH = YES;
				SDKROOT = iphoneos;
				SWIFT_ACTIVE_COMPILATION_CONDITIONS = DEBUG;
				SWIFT_OPTIMIZATION_LEVEL = "-Onone";
			};
			name = Debug;
		};
		F271128B26B2325F00A84D59 /* Release */ = {
			isa = XCBuildConfiguration;
			buildSettings = {
				ALWAYS_SEARCH_USER_PATHS = NO;
				CLANG_ANALYZER_NONNULL = YES;
				CLANG_ANALYZER_NUMBER_OBJECT_CONVERSION = YES_AGGRESSIVE;
				CLANG_CXX_LANGUAGE_STANDARD = "gnu++14";
				CLANG_CXX_LIBRARY = "libc++";
				CLANG_ENABLE_MODULES = YES;
				CLANG_ENABLE_OBJC_ARC = YES;
				CLANG_ENABLE_OBJC_WEAK = YES;
				CLANG_WARN_BLOCK_CAPTURE_AUTORELEASING = YES;
				CLANG_WARN_BOOL_CONVERSION = YES;
				CLANG_WARN_COMMA = YES;
				CLANG_WARN_CONSTANT_CONVERSION = YES;
				CLANG_WARN_DEPRECATED_OBJC_IMPLEMENTATIONS = YES;
				CLANG_WARN_DIRECT_OBJC_ISA_USAGE = YES_ERROR;
				CLANG_WARN_DOCUMENTATION_COMMENTS = YES;
				CLANG_WARN_EMPTY_BODY = YES;
				CLANG_WARN_ENUM_CONVERSION = YES;
				CLANG_WARN_INFINITE_RECURSION = YES;
				CLANG_WARN_INT_CONVERSION = YES;
				CLANG_WARN_NON_LITERAL_NULL_CONVERSION = YES;
				CLANG_WARN_OBJC_IMPLICIT_RETAIN_SELF = YES;
				CLANG_WARN_OBJC_LITERAL_CONVERSION = YES;
				CLANG_WARN_OBJC_ROOT_CLASS = YES_ERROR;
				CLANG_WARN_QUOTED_INCLUDE_IN_FRAMEWORK_HEADER = YES;
				CLANG_WARN_RANGE_LOOP_ANALYSIS = YES;
				CLANG_WARN_STRICT_PROTOTYPES = YES;
				CLANG_WARN_SUSPICIOUS_MOVE = YES;
				CLANG_WARN_UNGUARDED_AVAILABILITY = YES_AGGRESSIVE;
				CLANG_WARN_UNREACHABLE_CODE = YES;
				CLANG_WARN__DUPLICATE_METHOD_MATCH = YES;
				COPY_PHASE_STRIP = NO;
				DEBUG_INFORMATION_FORMAT = "dwarf-with-dsym";
				ENABLE_NS_ASSERTIONS = NO;
				ENABLE_STRICT_OBJC_MSGSEND = YES;
				GCC_C_LANGUAGE_STANDARD = gnu11;
				GCC_NO_COMMON_BLOCKS = YES;
				GCC_WARN_64_TO_32_BIT_CONVERSION = YES;
				GCC_WARN_ABOUT_RETURN_TYPE = YES_ERROR;
				GCC_WARN_UNDECLARED_SELECTOR = YES;
				GCC_WARN_UNINITIALIZED_AUTOS = YES_AGGRESSIVE;
				GCC_WARN_UNUSED_FUNCTION = YES;
				GCC_WARN_UNUSED_VARIABLE = YES;
				IPHONEOS_DEPLOYMENT_TARGET = 14.4;
				MTL_ENABLE_DEBUG_INFO = NO;
				MTL_FAST_MATH = YES;
				SDKROOT = iphoneos;
				SWIFT_COMPILATION_MODE = wholemodule;
				SWIFT_OPTIMIZATION_LEVEL = "-O";
				VALIDATE_PRODUCT = YES;
			};
			name = Release;
		};
		F271128D26B2325F00A84D59 /* Debug */ = {
			isa = XCBuildConfiguration;
			buildSettings = {
				ASSETCATALOG_COMPILER_APPICON_NAME = AppIcon;
				ASSETCATALOG_COMPILER_GLOBAL_ACCENT_COLOR_NAME = AccentColor;
				CODE_SIGN_STYLE = Automatic;
				DEVELOPMENT_TEAM = B7YH4DDSBD;
				INFOPLIST_FILE = MyMovieChart/Info.plist;
				LD_RUNPATH_SEARCH_PATHS = (
					"$(inherited)",
					"@executable_path/Frameworks",
				);
				PRODUCT_BUNDLE_IDENTIFIER = com.ujeon.MyMovieChart;
				PRODUCT_NAME = "$(TARGET_NAME)";
				SWIFT_VERSION = 5.0;
				TARGETED_DEVICE_FAMILY = "1,2";
			};
			name = Debug;
		};
		F271128E26B2325F00A84D59 /* Release */ = {
			isa = XCBuildConfiguration;
			buildSettings = {
				ASSETCATALOG_COMPILER_APPICON_NAME = AppIcon;
				ASSETCATALOG_COMPILER_GLOBAL_ACCENT_COLOR_NAME = AccentColor;
				CODE_SIGN_STYLE = Automatic;
				DEVELOPMENT_TEAM = B7YH4DDSBD;
				INFOPLIST_FILE = MyMovieChart/Info.plist;
				LD_RUNPATH_SEARCH_PATHS = (
					"$(inherited)",
					"@executable_path/Frameworks",
				);
				PRODUCT_BUNDLE_IDENTIFIER = com.ujeon.MyMovieChart;
				PRODUCT_NAME = "$(TARGET_NAME)";
				SWIFT_VERSION = 5.0;
				TARGETED_DEVICE_FAMILY = "1,2";
			};
			name = Release;
		};
/* End XCBuildConfiguration section */

/* Begin XCConfigurationList section */
		F271127326B2325D00A84D59 /* Build configuration list for PBXProject "MyMovieChart" */ = {
			isa = XCConfigurationList;
			buildConfigurations = (
				F271128A26B2325F00A84D59 /* Debug */,
				F271128B26B2325F00A84D59 /* Release */,
			);
			defaultConfigurationIsVisible = 0;
			defaultConfigurationName = Release;
		};
		F271128C26B2325F00A84D59 /* Build configuration list for PBXNativeTarget "MyMovieChart" */ = {
			isa = XCConfigurationList;
			buildConfigurations = (
				F271128D26B2325F00A84D59 /* Debug */,
				F271128E26B2325F00A84D59 /* Release */,
			);
			defaultConfigurationIsVisible = 0;
			defaultConfigurationName = Release;
		};
/* End XCConfigurationList section */
	};
	rootObject = F271127026B2325D00A84D59 /* Project object */;
}
